Microsoft Visual Studio Solution File, Format Version 12.00
# Visual Studio Version 17
VisualStudioVersion = 17.5.2.0
MinimumVisualStudioVersion = 10.0.40219.1
Project("{FAE04EC0-301F-11D3-BF4B-00C04F79EFBC}") = "practica_punto_1_Arreglos", "practica_punto_1_Arreglos.csproj", "{4DF0DD30-D7AA-A4A5-114B-822DAF2BF536}"
EndProject
Global
	GlobalSection(SolutionConfigurationPlatforms) = preSolution
		Debug|Any CPU = Debug|Any CPU
		Release|Any CPU = Release|Any CPU
	EndGlobalSection
	GlobalSection(ProjectConfigurationPlatforms) = postSolution
		{4DF0DD30-D7AA-A4A5-114B-822DAF2BF536}.Debug|Any CPU.ActiveCfg = Debug|Any CPU
		{4DF0DD30-D7AA-A4A5-114B-822DAF2BF536}.Debug|Any CPU.Build.0 = Debug|Any CPU
		{4DF0DD30-D7AA-A4A5-114B-822DAF2BF536}.Release|Any CPU.ActiveCfg = Release|Any CPU
		{4DF0DD30-D7AA-A4A5-114B-822DAF2BF536}.Release|Any CPU.Build.0 = Release|Any CPU
	EndGlobalSection
	GlobalSection(SolutionProperties) = preSolution
		HideSolutionNode = FALSE
	EndGlobalSection
	GlobalSection(ExtensibilityGlobals) = postSolution
		SolutionGuid = {F73DDC2F-E425-4A61-A224-E36312B6D5B3}
	EndGlobalSection
EndGlobal
