Microsoft Visual Studio Solution File, Format Version 12.00
# Visual Studio Version 17
VisualStudioVersion = 17.5.2.0
MinimumVisualStudioVersion = 10.0.40219.1
Project("{FAE04EC0-301F-11D3-BF4B-00C04F79EFBC}") = "practico_2_clase_30-4", "practico_2_clase_30-4.csproj", "{37E43E26-F3B4-9102-777E-47AA2A4B48DC}"
EndProject
Global
	GlobalSection(SolutionConfigurationPlatforms) = preSolution
		Debug|Any CPU = Debug|Any CPU
		Release|Any CPU = Release|Any CPU
	EndGlobalSection
	GlobalSection(ProjectConfigurationPlatforms) = postSolution
		{37E43E26-F3B4-9102-777E-47AA2A4B48DC}.Debug|Any CPU.ActiveCfg = Debug|Any CPU
		{37E43E26-F3B4-9102-777E-47AA2A4B48DC}.Debug|Any CPU.Build.0 = Debug|Any CPU
		{37E43E26-F3B4-9102-777E-47AA2A4B48DC}.Release|Any CPU.ActiveCfg = Release|Any CPU
		{37E43E26-F3B4-9102-777E-47AA2A4B48DC}.Release|Any CPU.Build.0 = Release|Any CPU
	EndGlobalSection
	GlobalSection(SolutionProperties) = preSolution
		HideSolutionNode = FALSE
	EndGlobalSection
	GlobalSection(ExtensibilityGlobals) = postSolution
		SolutionGuid = {E26003E5-B0D0-4FDF-AA52-56D03F3BB962}
	EndGlobalSection
EndGlobal
