Microsoft Visual Studio Solution File, Format Version 12.00
# Visual Studio Version 17
VisualStudioVersion = 17.5.2.0
MinimumVisualStudioVersion = 10.0.40219.1
Project("{FAE04EC0-301F-11D3-BF4B-00C04F79EFBC}") = "Ejercicio_2_TP_7", "Ejercicio_2_TP_7.csproj", "{D0231C62-0CA2-1AEB-4968-28BA5F0B87EA}"
EndProject
Global
	GlobalSection(SolutionConfigurationPlatforms) = preSolution
		Debug|Any CPU = Debug|Any CPU
		Release|Any CPU = Release|Any CPU
	EndGlobalSection
	GlobalSection(ProjectConfigurationPlatforms) = postSolution
		{D0231C62-0CA2-1AEB-4968-28BA5F0B87EA}.Debug|Any CPU.ActiveCfg = Debug|Any CPU
		{D0231C62-0CA2-1AEB-4968-28BA5F0B87EA}.Debug|Any CPU.Build.0 = Debug|Any CPU
		{D0231C62-0CA2-1AEB-4968-28BA5F0B87EA}.Release|Any CPU.ActiveCfg = Release|Any CPU
		{D0231C62-0CA2-1AEB-4968-28BA5F0B87EA}.Release|Any CPU.Build.0 = Release|Any CPU
	EndGlobalSection
	GlobalSection(SolutionProperties) = preSolution
		HideSolutionNode = FALSE
	EndGlobalSection
	GlobalSection(ExtensibilityGlobals) = postSolution
		SolutionGuid = {EA528602-0ADE-42EA-A569-785D2EDB4190}
	EndGlobalSection
EndGlobal
