Microsoft Visual Studio Solution File, Format Version 12.00
# Visual Studio Version 17
VisualStudioVersion = 17.5.2.0
MinimumVisualStudioVersion = 10.0.40219.1
Project("{FAE04EC0-301F-11D3-BF4B-00C04F79EFBC}") = "Ejercicio_Teoria-11", "Ejercicio_Teoria-11.csproj", "{5F95F4E9-7367-1E55-6A40-3CE8D9B2F207}"
EndProject
Global
	GlobalSection(SolutionConfigurationPlatforms) = preSolution
		Debug|Any CPU = Debug|Any CPU
		Release|Any CPU = Release|Any CPU
	EndGlobalSection
	GlobalSection(ProjectConfigurationPlatforms) = postSolution
		{5F95F4E9-7367-1E55-6A40-3CE8D9B2F207}.Debug|Any CPU.ActiveCfg = Debug|Any CPU
		{5F95F4E9-7367-1E55-6A40-3CE8D9B2F207}.Debug|Any CPU.Build.0 = Debug|Any CPU
		{5F95F4E9-7367-1E55-6A40-3CE8D9B2F207}.Release|Any CPU.ActiveCfg = Release|Any CPU
		{5F95F4E9-7367-1E55-6A40-3CE8D9B2F207}.Release|Any CPU.Build.0 = Release|Any CPU
	EndGlobalSection
	GlobalSection(SolutionProperties) = preSolution
		HideSolutionNode = FALSE
	EndGlobalSection
	GlobalSection(ExtensibilityGlobals) = postSolution
		SolutionGuid = {0ED4C349-A6DF-4401-B96C-23C3FFD46C08}
	EndGlobalSection
EndGlobal
