Microsoft Visual Studio Solution File, Format Version 12.00
# Visual Studio Version 17
VisualStudioVersion = 17.5.2.0
MinimumVisualStudioVersion = 10.0.40219.1
Project("{FAE04EC0-301F-11D3-BF4B-00C04F79EFBC}") = "divisores_de_un_numero_positivo", "divisores_de_un_numero_positivo.csproj", "{35AE4457-84BB-00FB-2BF4-E658DE939547}"
EndProject
Global
	GlobalSection(SolutionConfigurationPlatforms) = preSolution
		Debug|Any CPU = Debug|Any CPU
		Release|Any CPU = Release|Any CPU
	EndGlobalSection
	GlobalSection(ProjectConfigurationPlatforms) = postSolution
		{35AE4457-84BB-00FB-2BF4-E658DE939547}.Debug|Any CPU.ActiveCfg = Debug|Any CPU
		{35AE4457-84BB-00FB-2BF4-E658DE939547}.Debug|Any CPU.Build.0 = Debug|Any CPU
		{35AE4457-84BB-00FB-2BF4-E658DE939547}.Release|Any CPU.ActiveCfg = Release|Any CPU
		{35AE4457-84BB-00FB-2BF4-E658DE939547}.Release|Any CPU.Build.0 = Release|Any CPU
	EndGlobalSection
	GlobalSection(SolutionProperties) = preSolution
		HideSolutionNode = FALSE
	EndGlobalSection
	GlobalSection(ExtensibilityGlobals) = postSolution
		SolutionGuid = {1229E8EC-386C-4B65-931A-2340E4B78AF4}
	EndGlobalSection
EndGlobal
