Microsoft Visual Studio Solution File, Format Version 12.00
# Visual Studio Version 17
VisualStudioVersion = 17.5.2.0
MinimumVisualStudioVersion = 10.0.40219.1
Project("{FAE04EC0-301F-11D3-BF4B-00C04F79EFBC}") = "Ejercicio_2_TP_6", "Ejercicio_2_TP_6.csproj", "{BF0B5869-B022-EF7D-F1FC-0B1B2EA96DC2}"
EndProject
Global
	GlobalSection(SolutionConfigurationPlatforms) = preSolution
		Debug|Any CPU = Debug|Any CPU
		Release|Any CPU = Release|Any CPU
	EndGlobalSection
	GlobalSection(ProjectConfigurationPlatforms) = postSolution
		{BF0B5869-B022-EF7D-F1FC-0B1B2EA96DC2}.Debug|Any CPU.ActiveCfg = Debug|Any CPU
		{BF0B5869-B022-EF7D-F1FC-0B1B2EA96DC2}.Debug|Any CPU.Build.0 = Debug|Any CPU
		{BF0B5869-B022-EF7D-F1FC-0B1B2EA96DC2}.Release|Any CPU.ActiveCfg = Release|Any CPU
		{BF0B5869-B022-EF7D-F1FC-0B1B2EA96DC2}.Release|Any CPU.Build.0 = Release|Any CPU
	EndGlobalSection
	GlobalSection(SolutionProperties) = preSolution
		HideSolutionNode = FALSE
	EndGlobalSection
	GlobalSection(ExtensibilityGlobals) = postSolution
		SolutionGuid = {1E4EDF40-ADDD-4D9C-A8DC-5E3A225C2EED}
	EndGlobalSection
EndGlobal
