Microsoft Visual Studio Solution File, Format Version 12.00
# Visual Studio Version 17
VisualStudioVersion = 17.5.2.0
MinimumVisualStudioVersion = 10.0.40219.1
Project("{FAE04EC0-301F-11D3-BF4B-00C04F79EFBC}") = "pirmade_de_asteriscos", "pirmade_de_asteriscos.csproj", "{068148D4-FF6E-07F8-39E9-DECFD90197AE}"
EndProject
Global
	GlobalSection(SolutionConfigurationPlatforms) = preSolution
		Debug|Any CPU = Debug|Any CPU
		Release|Any CPU = Release|Any CPU
	EndGlobalSection
	GlobalSection(ProjectConfigurationPlatforms) = postSolution
		{068148D4-FF6E-07F8-39E9-DECFD90197AE}.Debug|Any CPU.ActiveCfg = Debug|Any CPU
		{068148D4-FF6E-07F8-39E9-DECFD90197AE}.Debug|Any CPU.Build.0 = Debug|Any CPU
		{068148D4-FF6E-07F8-39E9-DECFD90197AE}.Release|Any CPU.ActiveCfg = Release|Any CPU
		{068148D4-FF6E-07F8-39E9-DECFD90197AE}.Release|Any CPU.Build.0 = Release|Any CPU
	EndGlobalSection
	GlobalSection(SolutionProperties) = preSolution
		HideSolutionNode = FALSE
	EndGlobalSection
	GlobalSection(ExtensibilityGlobals) = postSolution
		SolutionGuid = {CC065CA8-0422-4E61-901D-B02D949D175F}
	EndGlobalSection
EndGlobal
