Microsoft Visual Studio Solution File, Format Version 12.00
# Visual Studio Version 17
VisualStudioVersion = 17.5.2.0
MinimumVisualStudioVersion = 10.0.40219.1
Project("{FAE04EC0-301F-11D3-BF4B-00C04F79EFBC}") = "Ejercicio_4_TP_7", "Ejercicio_4_TP_7.csproj", "{3985C668-6146-D324-D0F8-76888F138AEA}"
EndProject
Global
	GlobalSection(SolutionConfigurationPlatforms) = preSolution
		Debug|Any CPU = Debug|Any CPU
		Release|Any CPU = Release|Any CPU
	EndGlobalSection
	GlobalSection(ProjectConfigurationPlatforms) = postSolution
		{3985C668-6146-D324-D0F8-76888F138AEA}.Debug|Any CPU.ActiveCfg = Debug|Any CPU
		{3985C668-6146-D324-D0F8-76888F138AEA}.Debug|Any CPU.Build.0 = Debug|Any CPU
		{3985C668-6146-D324-D0F8-76888F138AEA}.Release|Any CPU.ActiveCfg = Release|Any CPU
		{3985C668-6146-D324-D0F8-76888F138AEA}.Release|Any CPU.Build.0 = Release|Any CPU
	EndGlobalSection
	GlobalSection(SolutionProperties) = preSolution
		HideSolutionNode = FALSE
	EndGlobalSection
	GlobalSection(ExtensibilityGlobals) = postSolution
		SolutionGuid = {6552C57A-4358-4707-ADA8-0232EBA48D8F}
	EndGlobalSection
EndGlobal
