Microsoft Visual Studio Solution File, Format Version 12.00
# Visual Studio Version 17
VisualStudioVersion = 17.5.2.0
MinimumVisualStudioVersion = 10.0.40219.1
Project("{FAE04EC0-301F-11D3-BF4B-00C04F79EFBC}") = "tres_numeros_a_b_X_y_todos_los_multipos_de_x", "tres_numeros_a_b_X_y_todos_los_multipos_de_x.csproj", "{C2F1405C-FE36-B75A-C707-29AB7594A979}"
EndProject
Global
	GlobalSection(SolutionConfigurationPlatforms) = preSolution
		Debug|Any CPU = Debug|Any CPU
		Release|Any CPU = Release|Any CPU
	EndGlobalSection
	GlobalSection(ProjectConfigurationPlatforms) = postSolution
		{C2F1405C-FE36-B75A-C707-29AB7594A979}.Debug|Any CPU.ActiveCfg = Debug|Any CPU
		{C2F1405C-FE36-B75A-C707-29AB7594A979}.Debug|Any CPU.Build.0 = Debug|Any CPU
		{C2F1405C-FE36-B75A-C707-29AB7594A979}.Release|Any CPU.ActiveCfg = Release|Any CPU
		{C2F1405C-FE36-B75A-C707-29AB7594A979}.Release|Any CPU.Build.0 = Release|Any CPU
	EndGlobalSection
	GlobalSection(SolutionProperties) = preSolution
		HideSolutionNode = FALSE
	EndGlobalSection
	GlobalSection(ExtensibilityGlobals) = postSolution
		SolutionGuid = {E77CE2AF-4070-4C74-B21E-DD51149102F6}
	EndGlobalSection
EndGlobal
