Microsoft Visual Studio Solution File, Format Version 12.00
# Visual Studio Version 17
VisualStudioVersion = 17.5.2.0
MinimumVisualStudioVersion = 10.0.40219.1
Project("{FAE04EC0-301F-11D3-BF4B-00C04F79EFBC}") = "tarifa_de_agua", "tarifa_de_agua.csproj", "{DDD8E3B0-7311-1F4E-169E-A452DF1FA95C}"
EndProject
Global
	GlobalSection(SolutionConfigurationPlatforms) = preSolution
		Debug|Any CPU = Debug|Any CPU
		Release|Any CPU = Release|Any CPU
	EndGlobalSection
	GlobalSection(ProjectConfigurationPlatforms) = postSolution
		{DDD8E3B0-7311-1F4E-169E-A452DF1FA95C}.Debug|Any CPU.ActiveCfg = Debug|Any CPU
		{DDD8E3B0-7311-1F4E-169E-A452DF1FA95C}.Debug|Any CPU.Build.0 = Debug|Any CPU
		{DDD8E3B0-7311-1F4E-169E-A452DF1FA95C}.Release|Any CPU.ActiveCfg = Release|Any CPU
		{DDD8E3B0-7311-1F4E-169E-A452DF1FA95C}.Release|Any CPU.Build.0 = Release|Any CPU
	EndGlobalSection
	GlobalSection(SolutionProperties) = preSolution
		HideSolutionNode = FALSE
	EndGlobalSection
	GlobalSection(ExtensibilityGlobals) = postSolution
		SolutionGuid = {BD36851D-A9E9-460D-B16F-D2E5D07594CA}
	EndGlobalSection
EndGlobal
