Microsoft Visual Studio Solution File, Format Version 12.00
# Visual Studio Version 17
VisualStudioVersion = 17.5.2.0
MinimumVisualStudioVersion = 10.0.40219.1
Project("{FAE04EC0-301F-11D3-BF4B-00C04F79EFBC}") = "piso_de_asteriscos", "piso_de_asteriscos.csproj", "{FEB0313D-2B1F-39F7-5318-2B291E1E5277}"
EndProject
Global
	GlobalSection(SolutionConfigurationPlatforms) = preSolution
		Debug|Any CPU = Debug|Any CPU
		Release|Any CPU = Release|Any CPU
	EndGlobalSection
	GlobalSection(ProjectConfigurationPlatforms) = postSolution
		{FEB0313D-2B1F-39F7-5318-2B291E1E5277}.Debug|Any CPU.ActiveCfg = Debug|Any CPU
		{FEB0313D-2B1F-39F7-5318-2B291E1E5277}.Debug|Any CPU.Build.0 = Debug|Any CPU
		{FEB0313D-2B1F-39F7-5318-2B291E1E5277}.Release|Any CPU.ActiveCfg = Release|Any CPU
		{FEB0313D-2B1F-39F7-5318-2B291E1E5277}.Release|Any CPU.Build.0 = Release|Any CPU
	EndGlobalSection
	GlobalSection(SolutionProperties) = preSolution
		HideSolutionNode = FALSE
	EndGlobalSection
	GlobalSection(ExtensibilityGlobals) = postSolution
		SolutionGuid = {89A96E08-6B32-4BC7-A84F-E77D8A7188CA}
	EndGlobalSection
EndGlobal
