Microsoft Visual Studio Solution File, Format Version 12.00
# Visual Studio Version 17
VisualStudioVersion = 17.5.2.0
MinimumVisualStudioVersion = 10.0.40219.1
Project("{FAE04EC0-301F-11D3-BF4B-00C04F79EFBC}") = "tipos_de_socios", "tipos_de_socios.csproj", "{11172986-A989-315C-648F-FA0C42CC0144}"
EndProject
Global
	GlobalSection(SolutionConfigurationPlatforms) = preSolution
		Debug|Any CPU = Debug|Any CPU
		Release|Any CPU = Release|Any CPU
	EndGlobalSection
	GlobalSection(ProjectConfigurationPlatforms) = postSolution
		{11172986-A989-315C-648F-FA0C42CC0144}.Debug|Any CPU.ActiveCfg = Debug|Any CPU
		{11172986-A989-315C-648F-FA0C42CC0144}.Debug|Any CPU.Build.0 = Debug|Any CPU
		{11172986-A989-315C-648F-FA0C42CC0144}.Release|Any CPU.ActiveCfg = Release|Any CPU
		{11172986-A989-315C-648F-FA0C42CC0144}.Release|Any CPU.Build.0 = Release|Any CPU
	EndGlobalSection
	GlobalSection(SolutionProperties) = preSolution
		HideSolutionNode = FALSE
	EndGlobalSection
	GlobalSection(ExtensibilityGlobals) = postSolution
		SolutionGuid = {28410E38-6990-4A4D-A2EC-3F732C508A4C}
	EndGlobalSection
EndGlobal
