Microsoft Visual Studio Solution File, Format Version 12.00
# Visual Studio Version 17
VisualStudioVersion = 17.5.2.0
MinimumVisualStudioVersion = 10.0.40219.1
Project("{FAE04EC0-301F-11D3-BF4B-00C04F79EFBC}") = "Ejercicio_8_TP_6", "Ejercicio_8_TP_6.csproj", "{71521495-7B2C-3EA8-36E2-7969B5EC8758}"
EndProject
Global
	GlobalSection(SolutionConfigurationPlatforms) = preSolution
		Debug|Any CPU = Debug|Any CPU
		Release|Any CPU = Release|Any CPU
	EndGlobalSection
	GlobalSection(ProjectConfigurationPlatforms) = postSolution
		{71521495-7B2C-3EA8-36E2-7969B5EC8758}.Debug|Any CPU.ActiveCfg = Debug|Any CPU
		{71521495-7B2C-3EA8-36E2-7969B5EC8758}.Debug|Any CPU.Build.0 = Debug|Any CPU
		{71521495-7B2C-3EA8-36E2-7969B5EC8758}.Release|Any CPU.ActiveCfg = Release|Any CPU
		{71521495-7B2C-3EA8-36E2-7969B5EC8758}.Release|Any CPU.Build.0 = Release|Any CPU
	EndGlobalSection
	GlobalSection(SolutionProperties) = preSolution
		HideSolutionNode = FALSE
	EndGlobalSection
	GlobalSection(ExtensibilityGlobals) = postSolution
		SolutionGuid = {1F39333A-602E-4631-8D39-A64F5C46D155}
	EndGlobalSection
EndGlobal
