Microsoft Visual Studio Solution File, Format Version 12.00
# Visual Studio Version 17
VisualStudioVersion = 17.5.2.0
MinimumVisualStudioVersion = 10.0.40219.1
Project("{FAE04EC0-301F-11D3-BF4B-00C04F79EFBC}") = "perimetro_cuadrado", "perimetro_cuadrado.csproj", "{721E0CD4-79EB-C010-BCE2-C7DB3C2148DF}"
EndProject
Global
	GlobalSection(SolutionConfigurationPlatforms) = preSolution
		Debug|Any CPU = Debug|Any CPU
		Release|Any CPU = Release|Any CPU
	EndGlobalSection
	GlobalSection(ProjectConfigurationPlatforms) = postSolution
		{721E0CD4-79EB-C010-BCE2-C7DB3C2148DF}.Debug|Any CPU.ActiveCfg = Debug|Any CPU
		{721E0CD4-79EB-C010-BCE2-C7DB3C2148DF}.Debug|Any CPU.Build.0 = Debug|Any CPU
		{721E0CD4-79EB-C010-BCE2-C7DB3C2148DF}.Release|Any CPU.ActiveCfg = Release|Any CPU
		{721E0CD4-79EB-C010-BCE2-C7DB3C2148DF}.Release|Any CPU.Build.0 = Release|Any CPU
	EndGlobalSection
	GlobalSection(SolutionProperties) = preSolution
		HideSolutionNode = FALSE
	EndGlobalSection
	GlobalSection(ExtensibilityGlobals) = postSolution
		SolutionGuid = {F073231B-4E1B-493E-8D9F-4B03CAED3EC0}
	EndGlobalSection
EndGlobal
