Microsoft Visual Studio Solution File, Format Version 12.00
# Visual Studio Version 17
VisualStudioVersion = 17.5.2.0
MinimumVisualStudioVersion = 10.0.40219.1
Project("{FAE04EC0-301F-11D3-BF4B-00C04F79EFBC}") = "Ejercicio_1_TP_7", "Ejercicio_1_TP_7.csproj", "{449363DE-54D7-5F02-1396-CD0BA7D1969D}"
EndProject
Global
	GlobalSection(SolutionConfigurationPlatforms) = preSolution
		Debug|Any CPU = Debug|Any CPU
		Release|Any CPU = Release|Any CPU
	EndGlobalSection
	GlobalSection(ProjectConfigurationPlatforms) = postSolution
		{449363DE-54D7-5F02-1396-CD0BA7D1969D}.Debug|Any CPU.ActiveCfg = Debug|Any CPU
		{449363DE-54D7-5F02-1396-CD0BA7D1969D}.Debug|Any CPU.Build.0 = Debug|Any CPU
		{449363DE-54D7-5F02-1396-CD0BA7D1969D}.Release|Any CPU.ActiveCfg = Release|Any CPU
		{449363DE-54D7-5F02-1396-CD0BA7D1969D}.Release|Any CPU.Build.0 = Release|Any CPU
	EndGlobalSection
	GlobalSection(SolutionProperties) = preSolution
		HideSolutionNode = FALSE
	EndGlobalSection
	GlobalSection(ExtensibilityGlobals) = postSolution
		SolutionGuid = {BFAF0723-6BE3-487B-B74C-A3D8876A9277}
	EndGlobalSection
EndGlobal
