Microsoft Visual Studio Solution File, Format Version 12.00
# Visual Studio Version 17
VisualStudioVersion = 17.5.2.0
MinimumVisualStudioVersion = 10.0.40219.1
Project("{FAE04EC0-301F-11D3-BF4B-00C04F79EFBC}") = "Ejercicio_11_TP_5", "Ejercicio_11_TP_5.csproj", "{E7A56144-DE22-CC86-5A78-622F06DF8F51}"
EndProject
Global
	GlobalSection(SolutionConfigurationPlatforms) = preSolution
		Debug|Any CPU = Debug|Any CPU
		Release|Any CPU = Release|Any CPU
	EndGlobalSection
	GlobalSection(ProjectConfigurationPlatforms) = postSolution
		{E7A56144-DE22-CC86-5A78-622F06DF8F51}.Debug|Any CPU.ActiveCfg = Debug|Any CPU
		{E7A56144-DE22-CC86-5A78-622F06DF8F51}.Debug|Any CPU.Build.0 = Debug|Any CPU
		{E7A56144-DE22-CC86-5A78-622F06DF8F51}.Release|Any CPU.ActiveCfg = Release|Any CPU
		{E7A56144-DE22-CC86-5A78-622F06DF8F51}.Release|Any CPU.Build.0 = Release|Any CPU
	EndGlobalSection
	GlobalSection(SolutionProperties) = preSolution
		HideSolutionNode = FALSE
	EndGlobalSection
	GlobalSection(ExtensibilityGlobals) = postSolution
		SolutionGuid = {DC2676D0-69DE-4953-A585-9CC860C4F6ED}
	EndGlobalSection
EndGlobal
