Microsoft Visual Studio Solution File, Format Version 12.00
# Visual Studio Version 17
VisualStudioVersion = 17.5.2.0
MinimumVisualStudioVersion = 10.0.40219.1
Project("{FAE04EC0-301F-11D3-BF4B-00C04F79EFBC}") = "Ejercici_1_TP_6", "Ejercici_1_TP_6.csproj", "{D5D547E9-A084-B6CB-973B-E1CEE7CE9A7C}"
EndProject
Global
	GlobalSection(SolutionConfigurationPlatforms) = preSolution
		Debug|Any CPU = Debug|Any CPU
		Release|Any CPU = Release|Any CPU
	EndGlobalSection
	GlobalSection(ProjectConfigurationPlatforms) = postSolution
		{D5D547E9-A084-B6CB-973B-E1CEE7CE9A7C}.Debug|Any CPU.ActiveCfg = Debug|Any CPU
		{D5D547E9-A084-B6CB-973B-E1CEE7CE9A7C}.Debug|Any CPU.Build.0 = Debug|Any CPU
		{D5D547E9-A084-B6CB-973B-E1CEE7CE9A7C}.Release|Any CPU.ActiveCfg = Release|Any CPU
		{D5D547E9-A084-B6CB-973B-E1CEE7CE9A7C}.Release|Any CPU.Build.0 = Release|Any CPU
	EndGlobalSection
	GlobalSection(SolutionProperties) = preSolution
		HideSolutionNode = FALSE
	EndGlobalSection
	GlobalSection(ExtensibilityGlobals) = postSolution
		SolutionGuid = {32FA85EF-EA2D-4382-881F-7BC74A135DE0}
	EndGlobalSection
EndGlobal
